
Microsoft Visual Studio Solution File, Format Version 12.00
# Visual Studio Version 16
VisualStudioVersion = 16.0.29326.143
MinimumVisualStudioVersion = 10.0.40219.1
Project("{FAE04EC0-301F-11D3-BF4B-00C04F79EFBC}") = "Polimorfismo e Herança exercício 1", "Polimorfismo e Herança exercício 1\Polimorfismo e Herança exercício 1.csproj", "{265936A9-3414-4943-9430-BD4BA8842F16}"
EndProject
Global
	GlobalSection(SolutionConfigurationPlatforms) = preSolution
		Debug|Any CPU = Debug|Any CPU
		Release|Any CPU = Release|Any CPU
	EndGlobalSection
	GlobalSection(ProjectConfigurationPlatforms) = postSolution
		{265936A9-3414-4943-9430-BD4BA8842F16}.Debug|Any CPU.ActiveCfg = Debug|Any CPU
		{265936A9-3414-4943-9430-BD4BA8842F16}.Debug|Any CPU.Build.0 = Debug|Any CPU
		{265936A9-3414-4943-9430-BD4BA8842F16}.Release|Any CPU.ActiveCfg = Release|Any CPU
		{265936A9-3414-4943-9430-BD4BA8842F16}.Release|Any CPU.Build.0 = Release|Any CPU
	EndGlobalSection
	GlobalSection(SolutionProperties) = preSolution
		HideSolutionNode = FALSE
	EndGlobalSection
	GlobalSection(ExtensibilityGlobals) = postSolution
		SolutionGuid = {B7B2F0BB-38AE-491E-82E3-2917D782B825}
	EndGlobalSection
EndGlobal
